// !$*UTF8*$!
{
	archiveVersion = 1;
	classes = {
	};
	objectVersion = 55;
	objects = {

/* Begin PBXBuildFile section */
		8794E8CB277D90EE00616DA8 /* AppDelegate.swift in Sources */ = {isa = PBXBuildFile; fileRef = 8794E8CA277D90EE00616DA8 /* AppDelegate.swift */; };
		8794E8CD277D90EE00616DA8 /* SceneDelegate.swift in Sources */ = {isa = PBXBuildFile; fileRef = 8794E8CC277D90EE00616DA8 /* SceneDelegate.swift */; };
		8794E8CF277D90EE00616DA8 /* ViewController.swift in Sources */ = {isa = PBXBuildFile; fileRef = 8794E8CE277D90EE00616DA8 /* ViewController.swift */; };
		8794E8D2277D90EE00616DA8 /* Main.storyboard in Resources */ = {isa = PBXBuildFile; fileRef = 8794E8D0277D90EE00616DA8 /* Main.storyboard */; };
		8794E8D4277D90EF00616DA8 /* Assets.xcassets in Resources */ = {isa = PBXBuildFile; fileRef = 8794E8D3277D90EF00616DA8 /* Assets.xcassets */; };
		8794E8D7277D90EF00616DA8 /* LaunchScreen.storyboard in Resources */ = {isa = PBXBuildFile; fileRef = 8794E8D5277D90EF00616DA8 /* LaunchScreen.storyboard */; };
		8794E8E9277D924700616DA8 /* UserModel.swift in Sources */ = {isa = PBXBuildFile; fileRef = 8794E8E8277D924700616DA8 /* UserModel.swift */; };
		8794E8EB277D926500616DA8 /* UserViewModel.swift in Sources */ = {isa = PBXBuildFile; fileRef = 8794E8EA277D926500616DA8 /* UserViewModel.swift */; };
		8794E8EE277D966A00616DA8 /* UserTableViewCell.swift in Sources */ = {isa = PBXBuildFile; fileRef = 8794E8EC277D966A00616DA8 /* UserTableViewCell.swift */; };
		8794E8EF277D966A00616DA8 /* UserTableViewCell.xib in Resources */ = {isa = PBXBuildFile; fileRef = 8794E8ED277D966A00616DA8 /* UserTableViewCell.xib */; };
		8794E8F1277D983C00616DA8 /* ViewController+TableView.swift in Sources */ = {isa = PBXBuildFile; fileRef = 8794E8F0277D983C00616DA8 /* ViewController+TableView.swift */; };
/* End PBXBuildFile section */

/* Begin PBXFileReference section */
		8794E8C7277D90EE00616DA8 /* MVVM+JSON+Codable.app */ = {isa = PBXFileReference; explicitFileType = wrapper.application; includeInIndex = 0; path = "MVVM+JSON+Codable.app"; sourceTree = BUILT_PRODUCTS_DIR; };
		8794E8CA277D90EE00616DA8 /* AppDelegate.swift */ = {isa = PBXFileReference; lastKnownFileType = sourcecode.swift; path = AppDelegate.swift; sourceTree = "<group>"; };
		8794E8CC277D90EE00616DA8 /* SceneDelegate.swift */ = {isa = PBXFileReference; lastKnownFileType = sourcecode.swift; path = SceneDelegate.swift; sourceTree = "<group>"; };
		8794E8CE277D90EE00616DA8 /* ViewController.swift */ = {isa = PBXFileReference; lastKnownFileType = sourcecode.swift; path = ViewController.swift; sourceTree = "<group>"; };
		8794E8D1277D90EE00616DA8 /* Base */ = {isa = PBXFileReference; lastKnownFileType = file.storyboard; name = Base; path = Base.lproj/Main.storyboard; sourceTree = "<group>"; };
		8794E8D3277D90EF00616DA8 /* Assets.xcassets */ = {isa = PBXFileReference; lastKnownFileType = folder.assetcatalog; path = Assets.xcassets; sourceTree = "<group>"; };
		8794E8D6277D90EF00616DA8 /* Base */ = {isa = PBXFileReference; lastKnownFileType = file.storyboard; name = Base; path = Base.lproj/LaunchScreen.storyboard; sourceTree = "<group>"; };
		8794E8D8277D90EF00616DA8 /* Info.plist */ = {isa = PBXFileReference; lastKnownFileType = text.plist.xml; path = Info.plist; sourceTree = "<group>"; };
		8794E8E8277D924700616DA8 /* UserModel.swift */ = {isa = PBXFileReference; lastKnownFileType = sourcecode.swift; path = UserModel.swift; sourceTree = "<group>"; };
		8794E8EA277D926500616DA8 /* UserViewModel.swift */ = {isa = PBXFileReference; lastKnownFileType = sourcecode.swift; path = UserViewModel.swift; sourceTree = "<group>"; };
		8794E8EC277D966A00616DA8 /* UserTableViewCell.swift */ = {isa = PBXFileReference; lastKnownFileType = sourcecode.swift; path = UserTableViewCell.swift; sourceTree = "<group>"; };
		8794E8ED277D966A00616DA8 /* UserTableViewCell.xib */ = {isa = PBXFileReference; lastKnownFileType = file.xib; path = UserTableViewCell.xib; sourceTree = "<group>"; };
		8794E8F0277D983C00616DA8 /* ViewController+TableView.swift */ = {isa = PBXFileReference; lastKnownFileType = sourcecode.swift; path = "ViewController+TableView.swift"; sourceTree = "<group>"; };
/* End PBXFileReference section */

/* Begin PBXFrameworksBuildPhase section */
		8794E8C4277D90EE00616DA8 /* Frameworks */ = {
			isa = PBXFrameworksBuildPhase;
			buildActionMask = 2147483647;
			files = (
			);
			runOnlyForDeploymentPostprocessing = 0;
		};
/* End PBXFrameworksBuildPhase section */

/* Begin PBXGroup section */
		8794E8BE277D90EE00616DA8 = {
			isa = PBXGroup;
			children = (
				8794E8C9277D90EE00616DA8 /* MVVM+JSON+Codable */,
				8794E8C8277D90EE00616DA8 /* Products */,
			);
			sourceTree = "<group>";
		};
		8794E8C8277D90EE00616DA8 /* Products */ = {
			isa = PBXGroup;
			children = (
				8794E8C7277D90EE00616DA8 /* MVVM+JSON+Codable.app */,
			);
			name = Products;
			sourceTree = "<group>";
		};
		8794E8C9277D90EE00616DA8 /* MVVM+JSON+Codable */ = {
			isa = PBXGroup;
			children = (
				8794E8E7277D923500616DA8 /* Model */,
				8794E8E6277D922D00616DA8 /* ViewModel */,
				8794E8E5277D91FF00616DA8 /* Views */,
				8794E8E4277D913000616DA8 /* ViewController */,
				8794E8CA277D90EE00616DA8 /* AppDelegate.swift */,
				8794E8CC277D90EE00616DA8 /* SceneDelegate.swift */,
				8794E8D0277D90EE00616DA8 /* Main.storyboard */,
				8794E8D3277D90EF00616DA8 /* Assets.xcassets */,
				8794E8D5277D90EF00616DA8 /* LaunchScreen.storyboard */,
				8794E8D8277D90EF00616DA8 /* Info.plist */,
			);
			path = "MVVM+JSON+Codable";
			sourceTree = "<group>";
		};
		8794E8E4277D913000616DA8 /* ViewController */ = {
			isa = PBXGroup;
			children = (
				8794E8CE277D90EE00616DA8 /* ViewController.swift */,
				8794E8F0277D983C00616DA8 /* ViewController+TableView.swift */,
			);
			path = ViewController;
			sourceTree = "<group>";
		};
		8794E8E5277D91FF00616DA8 /* Views */ = {
			isa = PBXGroup;
			children = (
				8794E8EC277D966A00616DA8 /* UserTableViewCell.swift */,
				8794E8ED277D966A00616DA8 /* UserTableViewCell.xib */,
			);
			path = Views;
			sourceTree = "<group>";
		};
		8794E8E6277D922D00616DA8 /* ViewModel */ = {
			isa = PBXGroup;
			children = (
				8794E8EA277D926500616DA8 /* UserViewModel.swift */,
			);
			path = ViewModel;
			sourceTree = "<group>";
		};
		8794E8E7277D923500616DA8 /* Model */ = {
			isa = PBXGroup;
			children = (
				8794E8E8277D924700616DA8 /* UserModel.swift */,
			);
			path = Model;
			sourceTree = "<group>";
		};
/* End PBXGroup section */

/* Begin PBXNativeTarget section */
		8794E8C6277D90EE00616DA8 /* MVVM+JSON+Codable */ = {
			isa = PBXNativeTarget;
			buildConfigurationList = 8794E8DB277D90EF00616DA8 /* Build configuration list for PBXNativeTarget "MVVM+JSON+Codable" */;
			buildPhases = (
				8794E8C3277D90EE00616DA8 /* Sources */,
				8794E8C4277D90EE00616DA8 /* Frameworks */,
				8794E8C5277D90EE00616DA8 /* Resources */,
			);
			buildRules = (
			);
			dependencies = (
			);
			name = "MVVM+JSON+Codable";
			productName = "MVVM+JSON+Codable";
			productReference = 8794E8C7277D90EE00616DA8 /* MVVM+JSON+Codable.app */;
			productType = "com.apple.product-type.application";
		};
/* End PBXNativeTarget section */

/* Begin PBXProject section */
		8794E8BF277D90EE00616DA8 /* Project object */ = {
			isa = PBXProject;
			attributes = {
				BuildIndependentTargetsInParallel = 1;
				LastSwiftUpdateCheck = 1320;
				LastUpgradeCheck = 1320;
				TargetAttributes = {
					8794E8C6277D90EE00616DA8 = {
						CreatedOnToolsVersion = 13.2.1;
					};
				};
			};
			buildConfigurationList = 8794E8C2277D90EE00616DA8 /* Build configuration list for PBXProject "MVVM+JSON+Codable" */;
			compatibilityVersion = "Xcode 13.0";
			developmentRegion = en;
			hasScannedForEncodings = 0;
			knownRegions = (
				en,
				Base,
			);
			mainGroup = 8794E8BE277D90EE00616DA8;
			productRefGroup = 8794E8C8277D90EE00616DA8 /* Products */;
			projectDirPath = "";
			projectRoot = "";
			targets = (
				8794E8C6277D90EE00616DA8 /* MVVM+JSON+Codable */,
			);
		};
/* End PBXProject section */

/* Begin PBXResourcesBuildPhase section */
		8794E8C5277D90EE00616DA8 /* Resources */ = {
			isa = PBXResourcesBuildPhase;
			buildActionMask = 2147483647;
			files = (
				8794E8EF277D966A00616DA8 /* UserTableViewCell.xib in Resources */,
				8794E8D7277D90EF00616DA8 /* LaunchScreen.storyboard in Resources */,
				8794E8D4277D90EF00616DA8 /* Assets.xcassets in Resources */,
				8794E8D2277D90EE00616DA8 /* Main.storyboard in Resources */,
			);
			runOnlyForDeploymentPostprocessing = 0;
		};
/* End PBXResourcesBuildPhase section */

/* Begin PBXSourcesBuildPhase section */
		8794E8C3277D90EE00616DA8 /* Sources */ = {
			isa = PBXSourcesBuildPhase;
			buildActionMask = 2147483647;
			files = (
				8794E8CF277D90EE00616DA8 /* ViewController.swift in Sources */,
				8794E8CB277D90EE00616DA8 /* AppDelegate.swift in Sources */,
				8794E8F1277D983C00616DA8 /* ViewController+TableView.swift in Sources */,
				8794E8E9277D924700616DA8 /* UserModel.swift in Sources */,
				8794E8EB277D926500616DA8 /* UserViewModel.swift in Sources */,
				8794E8EE277D966A00616DA8 /* UserTableViewCell.swift in Sources */,
				8794E8CD277D90EE00616DA8 /* SceneDelegate.swift in Sources */,
			);
			runOnlyForDeploymentPostprocessing = 0;
		};
/* End PBXSourcesBuildPhase section */

/* Begin PBXVariantGroup section */
		8794E8D0277D90EE00616DA8 /* Main.storyboard */ = {
			isa = PBXVariantGroup;
			children = (
				8794E8D1277D90EE00616DA8 /* Base */,
			);
			name = Main.storyboard;
			sourceTree = "<group>";
		};
		8794E8D5277D90EF00616DA8 /* LaunchScreen.storyboard */ = {
			isa = PBXVariantGroup;
			children = (
				8794E8D6277D90EF00616DA8 /* Base */,
			);
			name = LaunchScreen.storyboard;
			sourceTree = "<group>";
		};
/* End PBXVariantGroup section */

/* Begin XCBuildConfiguration section */
		8794E8D9277D90EF00616DA8 /* Debug */ = {
			isa = XCBuildConfiguration;
			buildSettings = {
				ALWAYS_SEARCH_USER_PATHS = NO;
				CLANG_ANALYZER_NONNULL = YES;
				CLANG_ANALYZER_NUMBER_OBJECT_CONVERSION = YES_AGGRESSIVE;
				CLANG_CXX_LANGUAGE_STANDARD = "gnu++17";
				CLANG_CXX_LIBRARY = "libc++";
				CLANG_ENABLE_MODULES = YES;
				CLANG_ENABLE_OBJC_ARC = YES;
				CLANG_ENABLE_OBJC_WEAK = YES;
				CLANG_WARN_BLOCK_CAPTURE_AUTORELEASING = YES;
				CLANG_WARN_BOOL_CONVERSION = YES;
				CLANG_WARN_COMMA = YES;
				CLANG_WARN_CONSTANT_CONVERSION = YES;
				CLANG_WARN_DEPRECATED_OBJC_IMPLEMENTATIONS = YES;
				CLANG_WARN_DIRECT_OBJC_ISA_USAGE = YES_ERROR;
				CLANG_WARN_DOCUMENTATION_COMMENTS = YES;
				CLANG_WARN_EMPTY_BODY = YES;
				CLANG_WARN_ENUM_CONVERSION = YES;
				CLANG_WARN_INFINITE_RECURSION = YES;
				CLANG_WARN_INT_CONVERSION = YES;
				CLANG_WARN_NON_LITERAL_NULL_CONVERSION = YES;
				CLANG_WARN_OBJC_IMPLICIT_RETAIN_SELF = YES;
				CLANG_WARN_OBJC_LITERAL_CONVERSION = YES;
				CLANG_WARN_OBJC_ROOT_CLASS = YES_ERROR;
				CLANG_WARN_QUOTED_INCLUDE_IN_FRAMEWORK_HEADER = YES;
				CLANG_WARN_RANGE_LOOP_ANALYSIS = YES;
				CLANG_WARN_STRICT_PROTOTYPES = YES;
				CLANG_WARN_SUSPICIOUS_MOVE = YES;
				CLANG_WARN_UNGUARDED_AVAILABILITY = YES_AGGRESSIVE;
				CLANG_WARN_UNREACHABLE_CODE = YES;
				CLANG_WARN__DUPLICATE_METHOD_MATCH = YES;
				COPY_PHASE_STRIP = NO;
				DEBUG_INFORMATION_FORMAT = dwarf;
				ENABLE_STRICT_OBJC_MSGSEND = YES;
				ENABLE_TESTABILITY = YES;
				GCC_C_LANGUAGE_STANDARD = gnu11;
				GCC_DYNAMIC_NO_PIC = NO;
				GCC_NO_COMMON_BLOCKS = YES;
				GCC_OPTIMIZATION_LEVEL = 0;
				GCC_PREPROCESSOR_DEFINITIONS = (
					"DEBUG=1",
					"$(inherited)",
				);
				GCC_WARN_64_TO_32_BIT_CONVERSION = YES;
				GCC_WARN_ABOUT_RETURN_TYPE = YES_ERROR;
				GCC_WARN_UNDECLARED_SELECTOR = YES;
				GCC_WARN_UNINITIALIZED_AUTOS = YES_AGGRESSIVE;
				GCC_WARN_UNUSED_FUNCTION = YES;
				GCC_WARN_UNUSED_VARIABLE = YES;
				IPHONEOS_DEPLOYMENT_TARGET = 15.2;
				MTL_ENABLE_DEBUG_INFO = INCLUDE_SOURCE;
				MTL_FAST_MATH = YES;
				ONLY_ACTIVE_ARCH = YES;
				SDKROOT = iphoneos;
				SWIFT_ACTIVE_COMPILATION_CONDITIONS = DEBUG;
				SWIFT_OPTIMIZATION_LEVEL = "-Onone";
			};
			name = Debug;
		};
		8794E8DA277D90EF00616DA8 /* Release */ = {
			isa = XCBuildConfiguration;
			buildSettings = {
				ALWAYS_SEARCH_USER_PATHS = NO;
				CLANG_ANALYZER_NONNULL = YES;
				CLANG_ANALYZER_NUMBER_OBJECT_CONVERSION = YES_AGGRESSIVE;
				CLANG_CXX_LANGUAGE_STANDARD = "gnu++17";
				CLANG_CXX_LIBRARY = "libc++";
				CLANG_ENABLE_MODULES = YES;
				CLANG_ENABLE_OBJC_ARC = YES;
				CLANG_ENABLE_OBJC_WEAK = YES;
				CLANG_WARN_BLOCK_CAPTURE_AUTORELEASING = YES;
				CLANG_WARN_BOOL_CONVERSION = YES;
				CLANG_WARN_COMMA = YES;
				CLANG_WARN_CONSTANT_CONVERSION = YES;
				CLANG_WARN_DEPRECATED_OBJC_IMPLEMENTATIONS = YES;
				CLANG_WARN_DIRECT_OBJC_ISA_USAGE = YES_ERROR;
				CLANG_WARN_DOCUMENTATION_COMMENTS = YES;
				CLANG_WARN_EMPTY_BODY = YES;
				CLANG_WARN_ENUM_CONVERSION = YES;
				CLANG_WARN_INFINITE_RECURSION = YES;
				CLANG_WARN_INT_CONVERSION = YES;
				CLANG_WARN_NON_LITERAL_NULL_CONVERSION = YES;
				CLANG_WARN_OBJC_IMPLICIT_RETAIN_SELF = YES;
				CLANG_WARN_OBJC_LITERAL_CONVERSION = YES;
				CLANG_WARN_OBJC_ROOT_CLASS = YES_ERROR;
				CLANG_WARN_QUOTED_INCLUDE_IN_FRAMEWORK_HEADER = YES;
				CLANG_WARN_RANGE_LOOP_ANALYSIS = YES;
				CLANG_WARN_STRICT_PROTOTYPES = YES;
				CLANG_WARN_SUSPICIOUS_MOVE = YES;
				CLANG_WARN_UNGUARDED_AVAILABILITY = YES_AGGRESSIVE;
				CLANG_WARN_UNREACHABLE_CODE = YES;
				CLANG_WARN__DUPLICATE_METHOD_MATCH = YES;
				COPY_PHASE_STRIP = NO;
				DEBUG_INFORMATION_FORMAT = "dwarf-with-dsym";
				ENABLE_NS_ASSERTIONS = NO;
				ENABLE_STRICT_OBJC_MSGSEND = YES;
				GCC_C_LANGUAGE_STANDARD = gnu11;
				GCC_NO_COMMON_BLOCKS = YES;
				GCC_WARN_64_TO_32_BIT_CONVERSION = YES;
				GCC_WARN_ABOUT_RETURN_TYPE = YES_ERROR;
				GCC_WARN_UNDECLARED_SELECTOR = YES;
				GCC_WARN_UNINITIALIZED_AUTOS = YES_AGGRESSIVE;
				GCC_WARN_UNUSED_FUNCTION = YES;
				GCC_WARN_UNUSED_VARIABLE = YES;
				IPHONEOS_DEPLOYMENT_TARGET = 15.2;
				MTL_ENABLE_DEBUG_INFO = NO;
				MTL_FAST_MATH = YES;
				SDKROOT = iphoneos;
				SWIFT_COMPILATION_MODE = wholemodule;
				SWIFT_OPTIMIZATION_LEVEL = "-O";
				VALIDATE_PRODUCT = YES;
			};
			name = Release;
		};
		8794E8DC277D90EF00616DA8 /* Debug */ = {
			isa = XCBuildConfiguration;
			buildSettings = {
				ASSETCATALOG_COMPILER_APPICON_NAME = AppIcon;
				ASSETCATALOG_COMPILER_GLOBAL_ACCENT_COLOR_NAME = AccentColor;
				CODE_SIGN_STYLE = Automatic;
				CURRENT_PROJECT_VERSION = 1;
				DEVELOPMENT_TEAM = Q95QF7UL53;
				GENERATE_INFOPLIST_FILE = YES;
				INFOPLIST_FILE = "MVVM+JSON+Codable/Info.plist";
				INFOPLIST_KEY_UIApplicationSupportsIndirectInputEvents = YES;
				INFOPLIST_KEY_UILaunchStoryboardName = LaunchScreen;
				INFOPLIST_KEY_UIMainStoryboardFile = Main;
				INFOPLIST_KEY_UISupportedInterfaceOrientations_iPad = "UIInterfaceOrientationPortrait UIInterfaceOrientationPortraitUpsideDown UIInterfaceOrientationLandscapeLeft UIInterfaceOrientationLandscapeRight";
				INFOPLIST_KEY_UISupportedInterfaceOrientations_iPhone = "UIInterfaceOrientationPortrait UIInterfaceOrientationLandscapeLeft UIInterfaceOrientationLandscapeRight";
				LD_RUNPATH_SEARCH_PATHS = (
					"$(inherited)",
					"@executable_path/Frameworks",
				);
				MARKETING_VERSION = 1.0;
				PRODUCT_BUNDLE_IDENTIFIER = "kAshok.MVVM-JSON-Codable";
				PRODUCT_NAME = "$(TARGET_NAME)";
				SWIFT_EMIT_LOC_STRINGS = YES;
				SWIFT_VERSION = 5.0;
				TARGETED_DEVICE_FAMILY = "1,2";
			};
			name = Debug;
		};
		8794E8DD277D90EF00616DA8 /* Release */ = {
			isa = XCBuildConfiguration;
			buildSettings = {
				ASSETCATALOG_COMPILER_APPICON_NAME = AppIcon;
				ASSETCATALOG_COMPILER_GLOBAL_ACCENT_COLOR_NAME = AccentColor;
				CODE_SIGN_STYLE = Automatic;
				CURRENT_PROJECT_VERSION = 1;
				DEVELOPMENT_TEAM = Q95QF7UL53;
				GENERATE_INFOPLIST_FILE = YES;
				INFOPLIST_FILE = "MVVM+JSON+Codable/Info.plist";
				INFOPLIST_KEY_UIApplicationSupportsIndirectInputEvents = YES;
				INFOPLIST_KEY_UILaunchStoryboardName = LaunchScreen;
				INFOPLIST_KEY_UIMainStoryboardFile = Main;
				INFOPLIST_KEY_UISupportedInterfaceOrientations_iPad = "UIInterfaceOrientationPortrait UIInterfaceOrientationPortraitUpsideDown UIInterfaceOrientationLandscapeLeft UIInterfaceOrientationLandscapeRight";
				INFOPLIST_KEY_UISupportedInterfaceOrientations_iPhone = "UIInterfaceOrientationPortrait UIInterfaceOrientationLandscapeLeft UIInterfaceOrientationLandscapeRight";
				LD_RUNPATH_SEARCH_PATHS = (
					"$(inherited)",
					"@executable_path/Frameworks",
				);
				MARKETING_VERSION = 1.0;
				PRODUCT_BUNDLE_IDENTIFIER = "kAshok.MVVM-JSON-Codable";
				PRODUCT_NAME = "$(TARGET_NAME)";
				SWIFT_EMIT_LOC_STRINGS = YES;
				SWIFT_VERSION = 5.0;
				TARGETED_DEVICE_FAMILY = "1,2";
			};
			name = Release;
		};
/* End XCBuildConfiguration section */

/* Begin XCConfigurationList section */
		8794E8C2277D90EE00616DA8 /* Build configuration list for PBXProject "MVVM+JSON+Codable" */ = {
			isa = XCConfigurationList;
			buildConfigurations = (
				8794E8D9277D90EF00616DA8 /* Debug */,
				8794E8DA277D90EF00616DA8 /* Release */,
			);
			defaultConfigurationIsVisible = 0;
			defaultConfigurationName = Release;
		};
		8794E8DB277D90EF00616DA8 /* Build configuration list for PBXNativeTarget "MVVM+JSON+Codable" */ = {
			isa = XCConfigurationList;
			buildConfigurations = (
				8794E8DC277D90EF00616DA8 /* Debug */,
				8794E8DD277D90EF00616DA8 /* Release */,
			);
			defaultConfigurationIsVisible = 0;
			defaultConfigurationName = Release;
		};
/* End XCConfigurationList section */
	};
	rootObject = 8794E8BF277D90EE00616DA8 /* Project object */;
}
